
Microsoft Visual Studio Solution File, Format Version 12.00
# Visual Studio Version 17
VisualStudioVersion = 17.12.35527.113
MinimumVisualStudioVersion = 10.0.40219.1
Project("{FAE04EC0-301F-11D3-BF4B-00C04F79EFBC}") = "EnglishNow.Web", "EnglishNow.Web\EnglishNow.Web.csproj", "{D7E7719E-8C00-4741-B4EC-79E466FA3D67}"
EndProject
Project("{2150E333-8FDC-42A3-9474-1A3956D46DE8}") = "dbScripts", "dbScripts", "{DFF63194-FFCC-4F56-933E-54807702DCAC}"
	ProjectSection(SolutionItems) = preProject
		database_script.sql = database_script.sql
	EndProjectSection
EndProject
Project("{FAE04EC0-301F-11D3-BF4B-00C04F79EFBC}") = "EnglishNow.services", "EnglishNow_services\EnglishNow.services.csproj", "{E8ACD164-38D2-492D-A2F7-FFF743259880}"
EndProject
Project("{FAE04EC0-301F-11D3-BF4B-00C04F79EFBC}") = "EnglishNow.Repositories", "EnglishNow.Repositories\EnglishNow.Repositories.csproj", "{84B35A5D-1E15-4F2F-B713-D77A65F9FBC2}"
EndProject
Global
	GlobalSection(SolutionConfigurationPlatforms) = preSolution
		Debug|Any CPU = Debug|Any CPU
		Release|Any CPU = Release|Any CPU
	EndGlobalSection
	GlobalSection(ProjectConfigurationPlatforms) = postSolution
		{D7E7719E-8C00-4741-B4EC-79E466FA3D67}.Debug|Any CPU.ActiveCfg = Debug|Any CPU
		{D7E7719E-8C00-4741-B4EC-79E466FA3D67}.Debug|Any CPU.Build.0 = Debug|Any CPU
		{D7E7719E-8C00-4741-B4EC-79E466FA3D67}.Release|Any CPU.ActiveCfg = Release|Any CPU
		{D7E7719E-8C00-4741-B4EC-79E466FA3D67}.Release|Any CPU.Build.0 = Release|Any CPU
		{E8ACD164-38D2-492D-A2F7-FFF743259880}.Debug|Any CPU.ActiveCfg = Debug|Any CPU
		{E8ACD164-38D2-492D-A2F7-FFF743259880}.Debug|Any CPU.Build.0 = Debug|Any CPU
		{E8ACD164-38D2-492D-A2F7-FFF743259880}.Release|Any CPU.ActiveCfg = Release|Any CPU
		{E8ACD164-38D2-492D-A2F7-FFF743259880}.Release|Any CPU.Build.0 = Release|Any CPU
		{84B35A5D-1E15-4F2F-B713-D77A65F9FBC2}.Debug|Any CPU.ActiveCfg = Debug|Any CPU
		{84B35A5D-1E15-4F2F-B713-D77A65F9FBC2}.Debug|Any CPU.Build.0 = Debug|Any CPU
		{84B35A5D-1E15-4F2F-B713-D77A65F9FBC2}.Release|Any CPU.ActiveCfg = Release|Any CPU
		{84B35A5D-1E15-4F2F-B713-D77A65F9FBC2}.Release|Any CPU.Build.0 = Release|Any CPU
	EndGlobalSection
	GlobalSection(SolutionProperties) = preSolution
		HideSolutionNode = FALSE
	EndGlobalSection
EndGlobal
